{
  "name": "@nodestrap/breakpoints",
  "version": "2.0.0",
  "lockfileVersion": 1,
  "requires": true,
  "dependencies": {
    "@nodestrap/sass-class-template": {
      "version": "2.0.2",
      "resolved": "https://registry.npmjs.org/@nodestrap/sass-class-template/-/sass-class-template-2.0.2.tgz",
      "integrity": "sha512-ZHFTYIyvsfULQq3PK+t6XbyHsWzv74c1fc9jJBQnBL0rolPYp5SroP3BYyzNzRLrh1HOELXUJF68ieAr1iYvMA==",
      "requires": {
        "@nodestrap/sass-selector": "^2.0.1",
        "@nodestrap/sass-string": "^2.0.5"
      }
    },
    "@nodestrap/sass-selector": {
      "version": "2.0.1",
      "resolved": "https://registry.npmjs.org/@nodestrap/sass-selector/-/sass-selector-2.0.1.tgz",
      "integrity": "sha512-SjN4QvCBYumKfKtMrSLt0qu1uVMD+Qy04AkMfQkGhJmqUo6evAvQRTATts+H2JeS4T5x93w/BkyB5qizEdZ3xQ==",
      "requires": {
        "@nodestrap/sass-string": "^2.0.5"
      }
    },
    "@nodestrap/sass-string": {
      "version": "2.0.5",
      "resolved": "https://registry.npmjs.org/@nodestrap/sass-string/-/sass-string-2.0.5.tgz",
      "integrity": "sha512-4g6CB1x1Guvw4mAB3zqW4rD8X/bhX77bYWzBMVUSz9XfhzAVPw/LEkSKKwEyZao+y6IbBU0qf0vdIsATL1/6qA=="
    }
  }
}
